// !$*UTF8*$!
{
	archiveVersion = 1;
	classes = {
	};
	objectVersion = 50;
	objects = {

/* Begin PBXBuildFile section */
		2708592C24FD8D3300165A9C /* Grid.swift in Sources */ = {isa = PBXBuildFile; fileRef = 2708592A24FD8D3300165A9C /* Grid.swift */; };
		2708592D24FD8D3300165A9C /* GridLayout.swift in Sources */ = {isa = PBXBuildFile; fileRef = 2708592B24FD8D3300165A9C /* GridLayout.swift */; };
		2738664024F17C00001D16AE /* AnimatableSystemFontModifier.swift in Sources */ = {isa = PBXBuildFile; fileRef = 2738663F24F17C00001D16AE /* AnimatableSystemFontModifier.swift */; };
		2756E00324EAEAF100C961AC /* EmojiArtExtensions.swift in Sources */ = {isa = PBXBuildFile; fileRef = 2756E00224EAEAF100C961AC /* EmojiArtExtensions.swift */; };
		2756E00524F098A500C961AC /* OptionalImage.swift in Sources */ = {isa = PBXBuildFile; fileRef = 2756E00424F098A500C961AC /* OptionalImage.swift */; };
		275D1BBB25098D1D0057B557 /* EmojiArtDocumentStore.swift in Sources */ = {isa = PBXBuildFile; fileRef = 275D1BBA25098D1D0057B557 /* EmojiArtDocumentStore.swift */; };
		275D1BBD250992100057B557 /* EmojiArtDocumentChooser.swift in Sources */ = {isa = PBXBuildFile; fileRef = 275D1BBC250992100057B557 /* EmojiArtDocumentChooser.swift */; };
		275D1BBF2509BF450057B557 /* EditableText.swift in Sources */ = {isa = PBXBuildFile; fileRef = 275D1BBE2509BF450057B557 /* EditableText.swift */; };
		2776D27B24F9DD8A0096EEFA /* Spinning.swift in Sources */ = {isa = PBXBuildFile; fileRef = 2776D27A24F9DD8A0096EEFA /* Spinning.swift */; };
		2776D27D24FCC5610096EEFA /* PaletteChooser.swift in Sources */ = {isa = PBXBuildFile; fileRef = 2776D27C24FCC5610096EEFA /* PaletteChooser.swift */; };
		2776D27F24FCC8570096EEFA /* EmojiArtDocumentPalette.swift in Sources */ = {isa = PBXBuildFile; fileRef = 2776D27E24FCC8570096EEFA /* EmojiArtDocumentPalette.swift */; };
		279A2F8D24E88E8C00A629BC /* AppDelegate.swift in Sources */ = {isa = PBXBuildFile; fileRef = 279A2F8C24E88E8C00A629BC /* AppDelegate.swift */; };
		279A2F8F24E88E8D00A629BC /* SceneDelegate.swift in Sources */ = {isa = PBXBuildFile; fileRef = 279A2F8E24E88E8D00A629BC /* SceneDelegate.swift */; };
		279A2F9124E88E8D00A629BC /* EmojiArtDocumentView.swift in Sources */ = {isa = PBXBuildFile; fileRef = 279A2F9024E88E8D00A629BC /* EmojiArtDocumentView.swift */; };
		279A2F9324E88E9A00A629BC /* Assets.xcassets in Resources */ = {isa = PBXBuildFile; fileRef = 279A2F9224E88E9A00A629BC /* Assets.xcassets */; };
		279A2F9624E88E9A00A629BC /* Preview Assets.xcassets in Resources */ = {isa = PBXBuildFile; fileRef = 279A2F9524E88E9A00A629BC /* Preview Assets.xcassets */; };
		279A2F9924E88E9A00A629BC /* LaunchScreen.storyboard in Resources */ = {isa = PBXBuildFile; fileRef = 279A2F9724E88E9A00A629BC /* LaunchScreen.storyboard */; };
		279A2FA124E88EDA00A629BC /* EmojiArtDocument.swift in Sources */ = {isa = PBXBuildFile; fileRef = 279A2FA024E88EDA00A629BC /* EmojiArtDocument.swift */; };
		279A2FA324E8955500A629BC /* EmojiArt.swift in Sources */ = {isa = PBXBuildFile; fileRef = 279A2FA224E8955500A629BC /* EmojiArt.swift */; };
/* End PBXBuildFile section */

/* Begin PBXFileReference section */
		2708592A24FD8D3300165A9C /* Grid.swift */ = {isa = PBXFileReference; fileEncoding = 4; lastKnownFileType = sourcecode.swift; name = Grid.swift; path = ../../Memorize/Memorize/Grid.swift; sourceTree = "<group>"; };
		2708592B24FD8D3300165A9C /* GridLayout.swift */ = {isa = PBXFileReference; fileEncoding = 4; lastKnownFileType = sourcecode.swift; name = GridLayout.swift; path = ../../Memorize/Memorize/GridLayout.swift; sourceTree = "<group>"; };
		2738663F24F17C00001D16AE /* AnimatableSystemFontModifier.swift */ = {isa = PBXFileReference; fileEncoding = 4; lastKnownFileType = sourcecode.swift; path = AnimatableSystemFontModifier.swift; sourceTree = "<group>"; };
		2756E00224EAEAF100C961AC /* EmojiArtExtensions.swift */ = {isa = PBXFileReference; fileEncoding = 4; lastKnownFileType = sourcecode.swift; path = EmojiArtExtensions.swift; sourceTree = "<group>"; };
		2756E00424F098A500C961AC /* OptionalImage.swift */ = {isa = PBXFileReference; lastKnownFileType = sourcecode.swift; path = OptionalImage.swift; sourceTree = "<group>"; };
		275D1BBA25098D1D0057B557 /* EmojiArtDocumentStore.swift */ = {isa = PBXFileReference; fileEncoding = 4; lastKnownFileType = sourcecode.swift; path = EmojiArtDocumentStore.swift; sourceTree = "<group>"; };
		275D1BBC250992100057B557 /* EmojiArtDocumentChooser.swift */ = {isa = PBXFileReference; lastKnownFileType = sourcecode.swift; path = EmojiArtDocumentChooser.swift; sourceTree = "<group>"; };
		275D1BBE2509BF450057B557 /* EditableText.swift */ = {isa = PBXFileReference; fileEncoding = 4; lastKnownFileType = sourcecode.swift; path = EditableText.swift; sourceTree = "<group>"; };
		2776D27A24F9DD8A0096EEFA /* Spinning.swift */ = {isa = PBXFileReference; lastKnownFileType = sourcecode.swift; path = Spinning.swift; sourceTree = "<group>"; };
		2776D27C24FCC5610096EEFA /* PaletteChooser.swift */ = {isa = PBXFileReference; lastKnownFileType = sourcecode.swift; path = PaletteChooser.swift; sourceTree = "<group>"; };
		2776D27E24FCC8570096EEFA /* EmojiArtDocumentPalette.swift */ = {isa = PBXFileReference; fileEncoding = 4; lastKnownFileType = sourcecode.swift; path = EmojiArtDocumentPalette.swift; sourceTree = "<group>"; };
		279A2F8924E88E8C00A629BC /* Emoji Art.app */ = {isa = PBXFileReference; explicitFileType = wrapper.application; includeInIndex = 0; path = "Emoji Art.app"; sourceTree = BUILT_PRODUCTS_DIR; };
		279A2F8C24E88E8C00A629BC /* AppDelegate.swift */ = {isa = PBXFileReference; lastKnownFileType = sourcecode.swift; path = AppDelegate.swift; sourceTree = "<group>"; };
		279A2F8E24E88E8D00A629BC /* SceneDelegate.swift */ = {isa = PBXFileReference; lastKnownFileType = sourcecode.swift; path = SceneDelegate.swift; sourceTree = "<group>"; };
		279A2F9024E88E8D00A629BC /* EmojiArtDocumentView.swift */ = {isa = PBXFileReference; lastKnownFileType = sourcecode.swift; path = EmojiArtDocumentView.swift; sourceTree = "<group>"; };
		279A2F9224E88E9A00A629BC /* Assets.xcassets */ = {isa = PBXFileReference; lastKnownFileType = folder.assetcatalog; path = Assets.xcassets; sourceTree = "<group>"; };
		279A2F9524E88E9A00A629BC /* Preview Assets.xcassets */ = {isa = PBXFileReference; lastKnownFileType = folder.assetcatalog; path = "Preview Assets.xcassets"; sourceTree = "<group>"; };
		279A2F9824E88E9A00A629BC /* Base */ = {isa = PBXFileReference; lastKnownFileType = file.storyboard; name = Base; path = Base.lproj/LaunchScreen.storyboard; sourceTree = "<group>"; };
		279A2F9A24E88E9A00A629BC /* Info.plist */ = {isa = PBXFileReference; lastKnownFileType = text.plist.xml; path = Info.plist; sourceTree = "<group>"; };
		279A2FA024E88EDA00A629BC /* EmojiArtDocument.swift */ = {isa = PBXFileReference; lastKnownFileType = sourcecode.swift; path = EmojiArtDocument.swift; sourceTree = "<group>"; };
		279A2FA224E8955500A629BC /* EmojiArt.swift */ = {isa = PBXFileReference; lastKnownFileType = sourcecode.swift; path = EmojiArt.swift; sourceTree = "<group>"; };
/* End PBXFileReference section */

/* Begin PBXFrameworksBuildPhase section */
		279A2F8624E88E8C00A629BC /* Frameworks */ = {
			isa = PBXFrameworksBuildPhase;
			buildActionMask = 2147483647;
			files = (
			);
			runOnlyForDeploymentPostprocessing = 0;
		};
/* End PBXFrameworksBuildPhase section */

/* Begin PBXGroup section */
		279A2F8024E88E8C00A629BC = {
			isa = PBXGroup;
			children = (
				279A2F8B24E88E8C00A629BC /* EmojiArt */,
				279A2F8A24E88E8C00A629BC /* Products */,
			);
			sourceTree = "<group>";
		};
		279A2F8A24E88E8C00A629BC /* Products */ = {
			isa = PBXGroup;
			children = (
				279A2F8924E88E8C00A629BC /* Emoji Art.app */,
			);
			name = Products;
			sourceTree = "<group>";
		};
		279A2F8B24E88E8C00A629BC /* EmojiArt */ = {
			isa = PBXGroup;
			children = (
				279A2F8C24E88E8C00A629BC /* AppDelegate.swift */,
				279A2F8E24E88E8D00A629BC /* SceneDelegate.swift */,
				279A2FA024E88EDA00A629BC /* EmojiArtDocument.swift */,
				275D1BBC250992100057B557 /* EmojiArtDocumentChooser.swift */,
				275D1BBA25098D1D0057B557 /* EmojiArtDocumentStore.swift */,
				279A2F9024E88E8D00A629BC /* EmojiArtDocumentView.swift */,
				2776D27E24FCC8570096EEFA /* EmojiArtDocumentPalette.swift */,
				2776D27A24F9DD8A0096EEFA /* Spinning.swift */,
				2756E00424F098A500C961AC /* OptionalImage.swift */,
				2776D27C24FCC5610096EEFA /* PaletteChooser.swift */,
				275D1BBE2509BF450057B557 /* EditableText.swift */,
				279A2FA224E8955500A629BC /* EmojiArt.swift */,
				2756E00224EAEAF100C961AC /* EmojiArtExtensions.swift */,
				2708592A24FD8D3300165A9C /* Grid.swift */,
				2708592B24FD8D3300165A9C /* GridLayout.swift */,
				2738663F24F17C00001D16AE /* AnimatableSystemFontModifier.swift */,
				279A2F9224E88E9A00A629BC /* Assets.xcassets */,
				279A2F9724E88E9A00A629BC /* LaunchScreen.storyboard */,
				279A2F9A24E88E9A00A629BC /* Info.plist */,
				279A2F9424E88E9A00A629BC /* Preview Content */,
			);
			path = EmojiArt;
			sourceTree = "<group>";
		};
		279A2F9424E88E9A00A629BC /* Preview Content */ = {
			isa = PBXGroup;
			children = (
				279A2F9524E88E9A00A629BC /* Preview Assets.xcassets */,
			);
			path = "Preview Content";
			sourceTree = "<group>";
		};
/* End PBXGroup section */

/* Begin PBXNativeTarget section */
		279A2F8824E88E8C00A629BC /* EmojiArt */ = {
			isa = PBXNativeTarget;
			buildConfigurationList = 279A2F9D24E88E9A00A629BC /* Build configuration list for PBXNativeTarget "EmojiArt" */;
			buildPhases = (
				279A2F8524E88E8C00A629BC /* Sources */,
				279A2F8624E88E8C00A629BC /* Frameworks */,
				279A2F8724E88E8C00A629BC /* Resources */,
			);
			buildRules = (
			);
			dependencies = (
			);
			name = EmojiArt;
			productName = EmojiArt;
			productReference = 279A2F8924E88E8C00A629BC /* Emoji Art.app */;
			productType = "com.apple.product-type.application";
		};
/* End PBXNativeTarget section */

/* Begin PBXProject section */
		279A2F8124E88E8C00A629BC /* Project object */ = {
			isa = PBXProject;
			attributes = {
				LastSwiftUpdateCheck = 1160;
				LastUpgradeCheck = 1160;
				ORGANIZATIONNAME = Mike;
				TargetAttributes = {
					279A2F8824E88E8C00A629BC = {
						CreatedOnToolsVersion = 11.6;
					};
				};
			};
			buildConfigurationList = 279A2F8424E88E8C00A629BC /* Build configuration list for PBXProject "EmojiArt" */;
			compatibilityVersion = "Xcode 9.3";
			developmentRegion = en;
			hasScannedForEncodings = 0;
			knownRegions = (
				en,
				Base,
			);
			mainGroup = 279A2F8024E88E8C00A629BC;
			productRefGroup = 279A2F8A24E88E8C00A629BC /* Products */;
			projectDirPath = "";
			projectRoot = "";
			targets = (
				279A2F8824E88E8C00A629BC /* EmojiArt */,
			);
		};
/* End PBXProject section */

/* Begin PBXResourcesBuildPhase section */
		279A2F8724E88E8C00A629BC /* Resources */ = {
			isa = PBXResourcesBuildPhase;
			buildActionMask = 2147483647;
			files = (
				279A2F9924E88E9A00A629BC /* LaunchScreen.storyboard in Resources */,
				279A2F9624E88E9A00A629BC /* Preview Assets.xcassets in Resources */,
				279A2F9324E88E9A00A629BC /* Assets.xcassets in Resources */,
			);
			runOnlyForDeploymentPostprocessing = 0;
		};
/* End PBXResourcesBuildPhase section */

/* Begin PBXSourcesBuildPhase section */
		279A2F8524E88E8C00A629BC /* Sources */ = {
			isa = PBXSourcesBuildPhase;
			buildActionMask = 2147483647;
			files = (
				2776D27F24FCC8570096EEFA /* EmojiArtDocumentPalette.swift in Sources */,
				279A2F8D24E88E8C00A629BC /* AppDelegate.swift in Sources */,
				279A2F8F24E88E8D00A629BC /* SceneDelegate.swift in Sources */,
				2756E00324EAEAF100C961AC /* EmojiArtExtensions.swift in Sources */,
				279A2FA324E8955500A629BC /* EmojiArt.swift in Sources */,
				279A2F9124E88E8D00A629BC /* EmojiArtDocumentView.swift in Sources */,
				2708592D24FD8D3300165A9C /* GridLayout.swift in Sources */,
				2756E00524F098A500C961AC /* OptionalImage.swift in Sources */,
				2776D27B24F9DD8A0096EEFA /* Spinning.swift in Sources */,
				275D1BBB25098D1D0057B557 /* EmojiArtDocumentStore.swift in Sources */,
				2738664024F17C00001D16AE /* AnimatableSystemFontModifier.swift in Sources */,
				275D1BBD250992100057B557 /* EmojiArtDocumentChooser.swift in Sources */,
				275D1BBF2509BF450057B557 /* EditableText.swift in Sources */,
				279A2FA124E88EDA00A629BC /* EmojiArtDocument.swift in Sources */,
				2776D27D24FCC5610096EEFA /* PaletteChooser.swift in Sources */,
				2708592C24FD8D3300165A9C /* Grid.swift in Sources */,
			);
			runOnlyForDeploymentPostprocessing = 0;
		};
/* End PBXSourcesBuildPhase section */

/* Begin PBXVariantGroup section */
		279A2F9724E88E9A00A629BC /* LaunchScreen.storyboard */ = {
			isa = PBXVariantGroup;
			children = (
				279A2F9824E88E9A00A629BC /* Base */,
			);
			name = LaunchScreen.storyboard;
			sourceTree = "<group>";
		};
/* End PBXVariantGroup section */

/* Begin XCBuildConfiguration section */
		279A2F9B24E88E9A00A629BC /* Debug */ = {
			isa = XCBuildConfiguration;
			buildSettings = {
				ALWAYS_SEARCH_USER_PATHS = NO;
				CLANG_ANALYZER_NONNULL = YES;
				CLANG_ANALYZER_NUMBER_OBJECT_CONVERSION = YES_AGGRESSIVE;
				CLANG_CXX_LANGUAGE_STANDARD = "gnu++14";
				CLANG_CXX_LIBRARY = "libc++";
				CLANG_ENABLE_MODULES = YES;
				CLANG_ENABLE_OBJC_ARC = YES;
				CLANG_ENABLE_OBJC_WEAK = YES;
				CLANG_WARN_BLOCK_CAPTURE_AUTORELEASING = YES;
				CLANG_WARN_BOOL_CONVERSION = YES;
				CLANG_WARN_COMMA = YES;
				CLANG_WARN_CONSTANT_CONVERSION = YES;
				CLANG_WARN_DEPRECATED_OBJC_IMPLEMENTATIONS = YES;
				CLANG_WARN_DIRECT_OBJC_ISA_USAGE = YES_ERROR;
				CLANG_WARN_DOCUMENTATION_COMMENTS = YES;
				CLANG_WARN_EMPTY_BODY = YES;
				CLANG_WARN_ENUM_CONVERSION = YES;
				CLANG_WARN_INFINITE_RECURSION = YES;
				CLANG_WARN_INT_CONVERSION = YES;
				CLANG_WARN_NON_LITERAL_NULL_CONVERSION = YES;
				CLANG_WARN_OBJC_IMPLICIT_RETAIN_SELF = YES;
				CLANG_WARN_OBJC_LITERAL_CONVERSION = YES;
				CLANG_WARN_OBJC_ROOT_CLASS = YES_ERROR;
				CLANG_WARN_RANGE_LOOP_ANALYSIS = YES;
				CLANG_WARN_STRICT_PROTOTYPES = YES;
				CLANG_WARN_SUSPICIOUS_MOVE = YES;
				CLANG_WARN_UNGUARDED_AVAILABILITY = YES_AGGRESSIVE;
				CLANG_WARN_UNREACHABLE_CODE = YES;
				CLANG_WARN__DUPLICATE_METHOD_MATCH = YES;
				COPY_PHASE_STRIP = NO;
				DEBUG_INFORMATION_FORMAT = dwarf;
				ENABLE_STRICT_OBJC_MSGSEND = YES;
				ENABLE_TESTABILITY = YES;
				GCC_C_LANGUAGE_STANDARD = gnu11;
				GCC_DYNAMIC_NO_PIC = NO;
				GCC_NO_COMMON_BLOCKS = YES;
				GCC_OPTIMIZATION_LEVEL = 0;
				GCC_PREPROCESSOR_DEFINITIONS = (
					"DEBUG=1",
					"$(inherited)",
				);
				GCC_WARN_64_TO_32_BIT_CONVERSION = YES;
				GCC_WARN_ABOUT_RETURN_TYPE = YES_ERROR;
				GCC_WARN_UNDECLARED_SELECTOR = YES;
				GCC_WARN_UNINITIALIZED_AUTOS = YES_AGGRESSIVE;
				GCC_WARN_UNUSED_FUNCTION = YES;
				GCC_WARN_UNUSED_VARIABLE = YES;
				IPHONEOS_DEPLOYMENT_TARGET = 13.6;
				MTL_ENABLE_DEBUG_INFO = INCLUDE_SOURCE;
				MTL_FAST_MATH = YES;
				ONLY_ACTIVE_ARCH = YES;
				SDKROOT = iphoneos;
				SWIFT_ACTIVE_COMPILATION_CONDITIONS = DEBUG;
				SWIFT_OPTIMIZATION_LEVEL = "-Onone";
			};
			name = Debug;
		};
		279A2F9C24E88E9A00A629BC /* Release */ = {
			isa = XCBuildConfiguration;
			buildSettings = {
				ALWAYS_SEARCH_USER_PATHS = NO;
				CLANG_ANALYZER_NONNULL = YES;
				CLANG_ANALYZER_NUMBER_OBJECT_CONVERSION = YES_AGGRESSIVE;
				CLANG_CXX_LANGUAGE_STANDARD = "gnu++14";
				CLANG_CXX_LIBRARY = "libc++";
				CLANG_ENABLE_MODULES = YES;
				CLANG_ENABLE_OBJC_ARC = YES;
				CLANG_ENABLE_OBJC_WEAK = YES;
				CLANG_WARN_BLOCK_CAPTURE_AUTORELEASING = YES;
				CLANG_WARN_BOOL_CONVERSION = YES;
				CLANG_WARN_COMMA = YES;
				CLANG_WARN_CONSTANT_CONVERSION = YES;
				CLANG_WARN_DEPRECATED_OBJC_IMPLEMENTATIONS = YES;
				CLANG_WARN_DIRECT_OBJC_ISA_USAGE = YES_ERROR;
				CLANG_WARN_DOCUMENTATION_COMMENTS = YES;
				CLANG_WARN_EMPTY_BODY = YES;
				CLANG_WARN_ENUM_CONVERSION = YES;
				CLANG_WARN_INFINITE_RECURSION = YES;
				CLANG_WARN_INT_CONVERSION = YES;
				CLANG_WARN_NON_LITERAL_NULL_CONVERSION = YES;
				CLANG_WARN_OBJC_IMPLICIT_RETAIN_SELF = YES;
				CLANG_WARN_OBJC_LITERAL_CONVERSION = YES;
				CLANG_WARN_OBJC_ROOT_CLASS = YES_ERROR;
				CLANG_WARN_RANGE_LOOP_ANALYSIS = YES;
				CLANG_WARN_STRICT_PROTOTYPES = YES;
				CLANG_WARN_SUSPICIOUS_MOVE = YES;
				CLANG_WARN_UNGUARDED_AVAILABILITY = YES_AGGRESSIVE;
				CLANG_WARN_UNREACHABLE_CODE = YES;
				CLANG_WARN__DUPLICATE_METHOD_MATCH = YES;
				COPY_PHASE_STRIP = NO;
				DEBUG_INFORMATION_FORMAT = "dwarf-with-dsym";
				ENABLE_NS_ASSERTIONS = NO;
				ENABLE_STRICT_OBJC_MSGSEND = YES;
				GCC_C_LANGUAGE_STANDARD = gnu11;
				GCC_NO_COMMON_BLOCKS = YES;
				GCC_WARN_64_TO_32_BIT_CONVERSION = YES;
				GCC_WARN_ABOUT_RETURN_TYPE = YES_ERROR;
				GCC_WARN_UNDECLARED_SELECTOR = YES;
				GCC_WARN_UNINITIALIZED_AUTOS = YES_AGGRESSIVE;
				GCC_WARN_UNUSED_FUNCTION = YES;
				GCC_WARN_UNUSED_VARIABLE = YES;
				IPHONEOS_DEPLOYMENT_TARGET = 13.6;
				MTL_ENABLE_DEBUG_INFO = NO;
				MTL_FAST_MATH = YES;
				SDKROOT = iphoneos;
				SWIFT_COMPILATION_MODE = wholemodule;
				SWIFT_OPTIMIZATION_LEVEL = "-O";
				VALIDATE_PRODUCT = YES;
			};
			name = Release;
		};
		279A2F9E24E88E9A00A629BC /* Debug */ = {
			isa = XCBuildConfiguration;
			buildSettings = {
				ASSETCATALOG_COMPILER_APPICON_NAME = AppIcon;
				CODE_SIGN_STYLE = Automatic;
				DEVELOPMENT_ASSET_PATHS = "\"EmojiArt/Preview Content\"";
				DEVELOPMENT_TEAM = KJ775HL522;
				ENABLE_PREVIEWS = YES;
				INFOPLIST_FILE = EmojiArt/Info.plist;
				LD_RUNPATH_SEARCH_PATHS = (
					"$(inherited)",
					"@executable_path/Frameworks",
				);
				PRODUCT_BUNDLE_IDENTIFIER = com.raccoon.EmojiArt;
				PRODUCT_NAME = "Emoji Art";
				SWIFT_VERSION = 5.0;
				TARGETED_DEVICE_FAMILY = "1,2";
			};
			name = Debug;
		};
		279A2F9F24E88E9A00A629BC /* Release */ = {
			isa = XCBuildConfiguration;
			buildSettings = {
				ASSETCATALOG_COMPILER_APPICON_NAME = AppIcon;
				CODE_SIGN_STYLE = Automatic;
				DEVELOPMENT_ASSET_PATHS = "\"EmojiArt/Preview Content\"";
				DEVELOPMENT_TEAM = KJ775HL522;
				ENABLE_PREVIEWS = YES;
				INFOPLIST_FILE = EmojiArt/Info.plist;
				LD_RUNPATH_SEARCH_PATHS = (
					"$(inherited)",
					"@executable_path/Frameworks",
				);
				PRODUCT_BUNDLE_IDENTIFIER = com.raccoon.EmojiArt;
				PRODUCT_NAME = "Emoji Art";
				SWIFT_VERSION = 5.0;
				TARGETED_DEVICE_FAMILY = "1,2";
			};
			name = Release;
		};
/* End XCBuildConfiguration section */

/* Begin XCConfigurationList section */
		279A2F8424E88E8C00A629BC /* Build configuration list for PBXProject "EmojiArt" */ = {
			isa = XCConfigurationList;
			buildConfigurations = (
				279A2F9B24E88E9A00A629BC /* Debug */,
				279A2F9C24E88E9A00A629BC /* Release */,
			);
			defaultConfigurationIsVisible = 0;
			defaultConfigurationName = Release;
		};
		279A2F9D24E88E9A00A629BC /* Build configuration list for PBXNativeTarget "EmojiArt" */ = {
			isa = XCConfigurationList;
			buildConfigurations = (
				279A2F9E24E88E9A00A629BC /* Debug */,
				279A2F9F24E88E9A00A629BC /* Release */,
			);
			defaultConfigurationIsVisible = 0;
			defaultConfigurationName = Release;
		};
/* End XCConfigurationList section */
	};
	rootObject = 279A2F8124E88E8C00A629BC /* Project object */;
}
